
Microsoft Visual Studio Solution File, Format Version 11.00
# Visual Studio 2010
Project("{FAE04EC0-301F-11D3-BF4B-00C04F79EFBC}") = "RestfulRouting", "RestfulRouting\RestfulRouting.csproj", "{47C7FF9A-D323-47B6-BFCE-04335FFCAF72}"
EndProject
Project("{FAE04EC0-301F-11D3-BF4B-00C04F79EFBC}") = "RestfulRouting.Spec", "RestfulRouting.Spec\RestfulRouting.Spec.csproj", "{C02C90C0-D6AA-4F40-88D2-15D1F7F2B03D}"
EndProject
Project("{FAE04EC0-301F-11D3-BF4B-00C04F79EFBC}") = "RestfulRouting.Sample", "RestfulRouting.Sample\RestfulRouting.Sample.csproj", "{AC9526B0-1E2E-46E1-AF68-AA77D07C5A1F}"
EndProject
Global
	GlobalSection(SolutionConfigurationPlatforms) = preSolution
		Debug|Any CPU = Debug|Any CPU
		Release|Any CPU = Release|Any CPU
	EndGlobalSection
	GlobalSection(ProjectConfigurationPlatforms) = postSolution
		{47C7FF9A-D323-47B6-BFCE-04335FFCAF72}.Debug|Any CPU.ActiveCfg = Debug|Any CPU
		{47C7FF9A-D323-47B6-BFCE-04335FFCAF72}.Debug|Any CPU.Build.0 = Debug|Any CPU
		{47C7FF9A-D323-47B6-BFCE-04335FFCAF72}.Release|Any CPU.ActiveCfg = Release|Any CPU
		{47C7FF9A-D323-47B6-BFCE-04335FFCAF72}.Release|Any CPU.Build.0 = Release|Any CPU
		{C02C90C0-D6AA-4F40-88D2-15D1F7F2B03D}.Debug|Any CPU.ActiveCfg = Debug|Any CPU
		{C02C90C0-D6AA-4F40-88D2-15D1F7F2B03D}.Debug|Any CPU.Build.0 = Debug|Any CPU
		{C02C90C0-D6AA-4F40-88D2-15D1F7F2B03D}.Release|Any CPU.ActiveCfg = Release|Any CPU
		{C02C90C0-D6AA-4F40-88D2-15D1F7F2B03D}.Release|Any CPU.Build.0 = Release|Any CPU
		{AC9526B0-1E2E-46E1-AF68-AA77D07C5A1F}.Debug|Any CPU.ActiveCfg = Debug|Any CPU
		{AC9526B0-1E2E-46E1-AF68-AA77D07C5A1F}.Debug|Any CPU.Build.0 = Debug|Any CPU
		{AC9526B0-1E2E-46E1-AF68-AA77D07C5A1F}.Release|Any CPU.ActiveCfg = Release|Any CPU
		{AC9526B0-1E2E-46E1-AF68-AA77D07C5A1F}.Release|Any CPU.Build.0 = Release|Any CPU
	EndGlobalSection
	GlobalSection(SolutionProperties) = preSolution
		HideSolutionNode = FALSE
	EndGlobalSection
EndGlobal
